
Microsoft Visual Studio Solution File, Format Version 12.00
# Visual Studio Version 17
VisualStudioVersion = 17.1.32319.34
MinimumVisualStudioVersion = 10.0.40219.1
Project("{FAE04EC0-301F-11D3-BF4B-00C04F79EFBC}") = "TwoTier Architecture", "TwoTier Architecture\TwoTier Architecture.csproj", "{B2DB530E-3F7D-45B6-A52D-0EA021F6CFB3}"
EndProject
Global
	GlobalSection(SolutionConfigurationPlatforms) = preSolution
		Debug|Any CPU = Debug|Any CPU
		Release|Any CPU = Release|Any CPU
	EndGlobalSection
	GlobalSection(ProjectConfigurationPlatforms) = postSolution
		{B2DB530E-3F7D-45B6-A52D-0EA021F6CFB3}.Debug|Any CPU.ActiveCfg = Debug|Any CPU
		{B2DB530E-3F7D-45B6-A52D-0EA021F6CFB3}.Debug|Any CPU.Build.0 = Debug|Any CPU
		{B2DB530E-3F7D-45B6-A52D-0EA021F6CFB3}.Release|Any CPU.ActiveCfg = Release|Any CPU
		{B2DB530E-3F7D-45B6-A52D-0EA021F6CFB3}.Release|Any CPU.Build.0 = Release|Any CPU
	EndGlobalSection
	GlobalSection(SolutionProperties) = preSolution
		HideSolutionNode = FALSE
	EndGlobalSection
	GlobalSection(ExtensibilityGlobals) = postSolution
		SolutionGuid = {06625CA8-6161-4110-A5C2-23E040782727}
	EndGlobalSection
EndGlobal
